# THIS IS AN AUTOGENERATED FILE. DO NOT EDIT THIS FILE DIRECTLY.
# yarn lockfile v1


debounce@^1.2.1:
  version "1.2.1"
  resolved "https://registry.yarnpkg.com/debounce/-/debounce-1.2.1.tgz#38881d8f4166a5c5848020c11827b834bcb3e0a5"
  integrity sha512-XRRe6Glud4rd/ZGQfiV1ruXSfbvfJedlV9Y6zOlP+2K04vBYiJEte6stfFkCP03aMnY5tsipamumUjL14fofug==

react-use-measure@^2.1.1:
  version "2.1.1"
  resolved "https://registry.yarnpkg.com/react-use-measure/-/react-use-measure-2.1.1.tgz#5824537f4ee01c9469c45d5f7a8446177c6cc4ba"
  integrity sha512-nocZhN26cproIiIduswYpV5y5lQpSQS1y/4KuvUCjSKmw7ZWIS/+g3aFnX3WdBkyuGUtTLif3UTqnLLhbDoQig==
  dependencies:
    debounce "^1.2.1"
